<?xml version="1.0" encoding="utf-8"?>
<Project ToolsVersion="4.0" xmlns="http://schemas.microsoft.com/developer/msbuild/2003">
  <ItemGroup>
    <Filter Include="Common">
      <UniqueIdentifier>{9f2ce6a4-a401-49ff-9196-ee5d338ae176}</UniqueIdentifier>
      <Extensions>cpp;c;cxx;rc;def;r;odl;idl;hpj;bat;h;hpp;hxx;hm;inl</Extensions>
    </Filter>
    <Filter Include="Convertor">
      <UniqueIdentifier>{9c36b014-f403-48e0-b6d7-e5137aadd5d6}</UniqueIdentifier>
    </Filter>
  </ItemGroup>
  <ItemGroup>
    <ClInclude Include="Specific.h">
      <Filter>Common</Filter>
    </ClInclude>
    <ClInclude Include="StdAfx.h">
      <Filter>Common</Filter>
    </ClInclude>
    <ClInclude Include="dds.h">
      <Filter>Common</Filter>
    </ClInclude>
    <ClInclude Include="stl_user_config.h">
      <Filter>Common</Filter>
    </ClInclude>
    <ClInclude Include="GPixelFormat.h">
      <Filter>Convertor</Filter>
    </ClInclude>
    <ClInclude Include="mmpFormat.h">
      <Filter>Convertor</Filter>
    </ClInclude>
  </ItemGroup>
  <ItemGroup>
    <ClCompile Include="StdAfx.cpp">
      <Filter>Common</Filter>
    </ClCompile>
    <ClCompile Include="main.cpp">
      <Filter>Convertor</Filter>
    </ClCompile>
  </ItemGroup>
</Project>