<?xml version="1.0" encoding="utf-8"?>
<Project ToolsVersion="4.0" xmlns="http://schemas.microsoft.com/developer/msbuild/2003">
  <ItemGroup>
    <Filter Include="Source Files">
      <UniqueIdentifier>{3c9af53c-50cf-4688-bb63-8b165255e3da}</UniqueIdentifier>
      <Extensions>cpp;c;cxx;rc;def;r;odl;idl;hpj;bat</Extensions>
    </Filter>
    <Filter Include="Header Files">
      <UniqueIdentifier>{e1b28300-51bc-4a64-9818-68461da2406d}</UniqueIdentifier>
      <Extensions>h;hpp;hxx;hm;inl</Extensions>
    </Filter>
  </ItemGroup>
  <ItemGroup>
    <ClCompile Include="StdAfx.cpp">
      <Filter>Source Files</Filter>
    </ClCompile>
    <ClCompile Include="lapi.cpp">
      <Filter>Source Files</Filter>
    </ClCompile>
    <ClCompile Include="lcode.cpp">
      <Filter>Source Files</Filter>
    </ClCompile>
    <ClCompile Include="ldebug.cpp">
      <Filter>Source Files</Filter>
    </ClCompile>
    <ClCompile Include="ldo.cpp">
      <Filter>Source Files</Filter>
    </ClCompile>
    <ClCompile Include="lfunc.cpp">
      <Filter>Source Files</Filter>
    </ClCompile>
    <ClCompile Include="lgc.cpp">
      <Filter>Source Files</Filter>
    </ClCompile>
    <ClCompile Include="llex.cpp">
      <Filter>Source Files</Filter>
    </ClCompile>
    <ClCompile Include="lmem.cpp">
      <Filter>Source Files</Filter>
    </ClCompile>
    <ClCompile Include="lobject.cpp">
      <Filter>Source Files</Filter>
    </ClCompile>
    <ClCompile Include="lparser.cpp">
      <Filter>Source Files</Filter>
    </ClCompile>
    <ClCompile Include="lsaver.cpp">
      <Filter>Source Files</Filter>
    </ClCompile>
    <ClCompile Include="lstate.cpp">
      <Filter>Source Files</Filter>
    </ClCompile>
    <ClCompile Include="lstring.cpp">
      <Filter>Source Files</Filter>
    </ClCompile>
    <ClCompile Include="ltable.cpp">
      <Filter>Source Files</Filter>
    </ClCompile>
    <ClCompile Include="ltm.cpp">
      <Filter>Source Files</Filter>
    </ClCompile>
    <ClCompile Include="lundump.cpp">
      <Filter>Source Files</Filter>
    </ClCompile>
    <ClCompile Include="lvm.cpp">
      <Filter>Source Files</Filter>
    </ClCompile>
    <ClCompile Include="lzio.cpp">
      <Filter>Source Files</Filter>
    </ClCompile>
    <ClCompile Include="Script.cpp">
      <Filter>Source Files</Filter>
    </ClCompile>
  </ItemGroup>
  <ItemGroup>
    <ClInclude Include="Specific.h">
      <Filter>Header Files</Filter>
    </ClInclude>
    <ClInclude Include="StdAfx.h">
      <Filter>Header Files</Filter>
    </ClInclude>
    <ClInclude Include="lapi.h">
      <Filter>Header Files</Filter>
    </ClInclude>
    <ClInclude Include="lcode.h">
      <Filter>Header Files</Filter>
    </ClInclude>
    <ClInclude Include="ldebug.h">
      <Filter>Header Files</Filter>
    </ClInclude>
    <ClInclude Include="ldo.h">
      <Filter>Header Files</Filter>
    </ClInclude>
    <ClInclude Include="lfunc.h">
      <Filter>Header Files</Filter>
    </ClInclude>
    <ClInclude Include="lgc.h">
      <Filter>Header Files</Filter>
    </ClInclude>
    <ClInclude Include="llex.h">
      <Filter>Header Files</Filter>
    </ClInclude>
    <ClInclude Include="llimits.h">
      <Filter>Header Files</Filter>
    </ClInclude>
    <ClInclude Include="lmem.h">
      <Filter>Header Files</Filter>
    </ClInclude>
    <ClInclude Include="lobject.h">
      <Filter>Header Files</Filter>
    </ClInclude>
    <ClInclude Include="lopcodes.h">
      <Filter>Header Files</Filter>
    </ClInclude>
    <ClInclude Include="lparser.h">
      <Filter>Header Files</Filter>
    </ClInclude>
    <ClInclude Include="lsaver.h">
      <Filter>Header Files</Filter>
    </ClInclude>
    <ClInclude Include="lstate.h">
      <Filter>Header Files</Filter>
    </ClInclude>
    <ClInclude Include="lstring.h">
      <Filter>Header Files</Filter>
    </ClInclude>
    <ClInclude Include="ltable.h">
      <Filter>Header Files</Filter>
    </ClInclude>
    <ClInclude Include="ltm.h">
      <Filter>Header Files</Filter>
    </ClInclude>
    <ClInclude Include="lua.h">
      <Filter>Header Files</Filter>
    </ClInclude>
    <ClInclude Include="luadebug.h">
      <Filter>Header Files</Filter>
    </ClInclude>
    <ClInclude Include="lundump.h">
      <Filter>Header Files</Filter>
    </ClInclude>
    <ClInclude Include="lvm.h">
      <Filter>Header Files</Filter>
    </ClInclude>
    <ClInclude Include="lzio.h">
      <Filter>Header Files</Filter>
    </ClInclude>
    <ClInclude Include="stl_user_config.h">
      <Filter>Header Files</Filter>
    </ClInclude>
    <ClInclude Include="Script.h">
      <Filter>Header Files</Filter>
    </ClInclude>
  </ItemGroup>
</Project>