<?xml version="1.0" encoding="utf-8"?>
<Project ToolsVersion="4.0" xmlns="http://schemas.microsoft.com/developer/msbuild/2003">
  <ItemGroup>
    <Filter Include="Source Files">
      <UniqueIdentifier>{58db4c43-8c01-4cff-b16a-36b1166c84c9}</UniqueIdentifier>
      <Extensions>cpp;c;cxx;def;odl;idl;hpj;bat;asm</Extensions>
    </Filter>
    <Filter Include="Header Files">
      <UniqueIdentifier>{7c6ebca2-a02a-498c-9af4-74776007844d}</UniqueIdentifier>
      <Extensions>h;hpp;hxx;hm;inl;inc</Extensions>
    </Filter>
    <Filter Include="Resource Files">
      <UniqueIdentifier>{422e1d39-4130-4cec-9ace-cdd0d88349bf}</UniqueIdentifier>
      <Extensions>rc;ico;cur;bmp;dlg;rc2;rct;bin;rgs;gif;jpg;jpeg;jpe</Extensions>
    </Filter>
  </ItemGroup>
  <ItemGroup>
    <ClCompile Include="array.cpp">
      <Filter>Source Files</Filter>
    </ClCompile>
    <ClCompile Include="error.cpp">
      <Filter>Source Files</Filter>
    </ClCompile>
    <ClCompile Include="fastdot.cpp">
      <Filter>Source Files</Filter>
    </ClCompile>
    <ClCompile Include="fastldlt.cpp">
      <Filter>Source Files</Filter>
    </ClCompile>
    <ClCompile Include="fastlsolve.cpp">
      <Filter>Source Files</Filter>
    </ClCompile>
    <ClCompile Include="fastltsolve.cpp">
      <Filter>Source Files</Filter>
    </ClCompile>
    <ClCompile Include="geom.cpp">
      <Filter>Source Files</Filter>
    </ClCompile>
    <ClCompile Include="joint.cpp">
      <Filter>Source Files</Filter>
    </ClCompile>
    <ClCompile Include="lcp.cpp">
      <Filter>Source Files</Filter>
    </ClCompile>
    <ClCompile Include="mass.cpp">
      <Filter>Source Files</Filter>
    </ClCompile>
    <ClCompile Include="mat.cpp">
      <Filter>Source Files</Filter>
    </ClCompile>
    <ClCompile Include="matrix.cpp">
      <Filter>Source Files</Filter>
    </ClCompile>
    <ClCompile Include="memory.cpp">
      <Filter>Source Files</Filter>
    </ClCompile>
    <ClCompile Include="misc.cpp">
      <Filter>Source Files</Filter>
    </ClCompile>
    <ClCompile Include="obstack.cpp">
      <Filter>Source Files</Filter>
    </ClCompile>
    <ClCompile Include="ode.cpp">
      <Filter>Source Files</Filter>
    </ClCompile>
    <ClCompile Include="odemath.cpp">
      <Filter>Source Files</Filter>
    </ClCompile>
    <ClCompile Include="rotation.cpp">
      <Filter>Source Files</Filter>
    </ClCompile>
    <ClCompile Include="space.cpp">
      <Filter>Source Files</Filter>
    </ClCompile>
    <ClCompile Include="stdafx.cpp">
      <Filter>Source Files</Filter>
    </ClCompile>
    <ClCompile Include="step.cpp">
      <Filter>Source Files</Filter>
    </ClCompile>
    <ClCompile Include="testing.cpp">
      <Filter>Source Files</Filter>
    </ClCompile>
    <ClCompile Include="timer.cpp">
      <Filter>Source Files</Filter>
    </ClCompile>
  </ItemGroup>
  <ItemGroup>
    <ClInclude Include="array.h">
      <Filter>Source Files</Filter>
    </ClInclude>
    <ClInclude Include="geom_internal.h">
      <Filter>Source Files</Filter>
    </ClInclude>
    <ClInclude Include="joint.h">
      <Filter>Source Files</Filter>
    </ClInclude>
    <ClInclude Include="lcp.h">
      <Filter>Source Files</Filter>
    </ClInclude>
    <ClInclude Include="mat.h">
      <Filter>Source Files</Filter>
    </ClInclude>
    <ClInclude Include="objects.h">
      <Filter>Source Files</Filter>
    </ClInclude>
    <ClInclude Include="obstack.h">
      <Filter>Source Files</Filter>
    </ClInclude>
    <ClInclude Include="stack.h">
      <Filter>Source Files</Filter>
    </ClInclude>
    <ClInclude Include="step.h">
      <Filter>Source Files</Filter>
    </ClInclude>
    <ClInclude Include="testing.h">
      <Filter>Source Files</Filter>
    </ClInclude>
    <ClInclude Include="Specific.h">
      <Filter>Header Files</Filter>
    </ClInclude>
    <ClInclude Include="ode\common.h">
      <Filter>Header Files</Filter>
    </ClInclude>
    <ClInclude Include="ode\config.h">
      <Filter>Header Files</Filter>
    </ClInclude>
    <ClInclude Include="ode\contact.h">
      <Filter>Header Files</Filter>
    </ClInclude>
    <ClInclude Include="ode\error.h">
      <Filter>Header Files</Filter>
    </ClInclude>
    <ClInclude Include="ode\geom.h">
      <Filter>Header Files</Filter>
    </ClInclude>
    <ClInclude Include="ode\mass.h">
      <Filter>Header Files</Filter>
    </ClInclude>
    <ClInclude Include="ode\matrix.h">
      <Filter>Header Files</Filter>
    </ClInclude>
    <ClInclude Include="ode\memory.h">
      <Filter>Header Files</Filter>
    </ClInclude>
    <ClInclude Include="ode\misc.h">
      <Filter>Header Files</Filter>
    </ClInclude>
    <ClInclude Include="ode\objects.h">
      <Filter>Header Files</Filter>
    </ClInclude>
    <ClInclude Include="ode\ode.h">
      <Filter>Header Files</Filter>
    </ClInclude>
    <ClInclude Include="ode\odecpp.h">
      <Filter>Header Files</Filter>
    </ClInclude>
    <ClInclude Include="ode\odemath.h">
      <Filter>Header Files</Filter>
    </ClInclude>
    <ClInclude Include="ode\rotation.h">
      <Filter>Header Files</Filter>
    </ClInclude>
    <ClInclude Include="ode\space.h">
      <Filter>Header Files</Filter>
    </ClInclude>
    <ClInclude Include="stdafx.h">
      <Filter>Header Files</Filter>
    </ClInclude>
    <ClInclude Include="stl_user_config.h">
      <Filter>Header Files</Filter>
    </ClInclude>
    <ClInclude Include="ode\timer.h">
      <Filter>Header Files</Filter>
    </ClInclude>
  </ItemGroup>
  <ItemGroup>
    <Text Include="ReadMe.txt" />
  </ItemGroup>
</Project>