<?xml version="1.0" encoding="utf-8"?>
<Project ToolsVersion="4.0" xmlns="http://schemas.microsoft.com/developer/msbuild/2003">
  <ItemGroup>
    <Filter Include="FileIO">
      <UniqueIdentifier>{bde81d3e-b395-42cd-9219-720d624d5505}</UniqueIdentifier>
    </Filter>
    <Filter Include="Common">
      <UniqueIdentifier>{2396c6ef-c623-491a-9328-e7246b953681}</UniqueIdentifier>
      <Extensions>cpp;c;cxx;rc;def;r;odl;idl;hpj;bat;h;hpp;hxx;hm;inl</Extensions>
    </Filter>
  </ItemGroup>
  <ItemGroup>
    <ClCompile Include="BasicChunk1.cpp">
      <Filter>FileIO</Filter>
    </ClCompile>
    <ClCompile Include="FilesPackage.cpp">
      <Filter>FileIO</Filter>
    </ClCompile>
    <ClCompile Include="Streams.cpp">
      <Filter>FileIO</Filter>
    </ClCompile>
    <ClCompile Include="StdAfx.cpp">
      <Filter>Common</Filter>
    </ClCompile>
  </ItemGroup>
  <ItemGroup>
    <ClInclude Include="BasicChunk1.h">
      <Filter>FileIO</Filter>
    </ClInclude>
    <ClInclude Include="FilesPackage.h">
      <Filter>FileIO</Filter>
    </ClInclude>
    <ClInclude Include="Streams.h">
      <Filter>FileIO</Filter>
    </ClInclude>
    <ClInclude Include="Specific.h">
      <Filter>Common</Filter>
    </ClInclude>
    <ClInclude Include="StdAfx.h">
      <Filter>Common</Filter>
    </ClInclude>
    <ClInclude Include="stl_user_config.h">
      <Filter>Common</Filter>
    </ClInclude>
  </ItemGroup>
</Project>